
Microsoft Visual Studio Solution File, Format Version 12.00
# Visual Studio 2010
Project("{8BC9CEB8-8B4A-11D0-8D11-00A0C91BC942}") = "trinity.orbis", "trinity.orbis.vcxproj", "{BEB47D8C-1734-4A73-91CE-D405F5468B08}"
	ProjectSection(ProjectDependencies) = postProject
		{8CE8EA0A-B9E5-4D95-A0CD-06DC6BC5C5C5} = {8CE8EA0A-B9E5-4D95-A0CD-06DC6BC5C5C5}
		{8D50EB3E-EF70-4D1B-B061-F3E81B984EEC} = {8D50EB3E-EF70-4D1B-B061-F3E81B984EEC}
		{CCC814DE-F16E-4C58-9D54-39F6E4FB7E68} = {CCC814DE-F16E-4C58-9D54-39F6E4FB7E68}
	EndProjectSection
EndProject
Project("{8BC9CEB8-8B4A-11D0-8D11-00A0C91BC942}") = "CcpMath.orbis", "..\CcpMath\CcpMath.orbis.vcxproj", "{8D50EB3E-EF70-4D1B-B061-F3E81B984EEC}"
EndProject
Project("{8BC9CEB8-8B4A-11D0-8D11-00A0C91BC942}") = "TrinityAL.orbis", "..\TrinityAL\TrinityAL.orbis.vcxproj", "{CCC814DE-F16E-4C58-9D54-39F6E4FB7E68}"
EndProject
Project("{8BC9CEB8-8B4A-11D0-8D11-00A0C91BC942}") = "blue.orbis", "..\blue\blue.orbis.vcxproj", "{8CE8EA0A-B9E5-4D95-A0CD-06DC6BC5C5C5}"
	ProjectSection(ProjectDependencies) = postProject
		{2CE11E66-B4D5-4231-A199-17A0FEAC5741} = {2CE11E66-B4D5-4231-A199-17A0FEAC5741}
		{2BB3FDA1-641F-4DBD-9FEF-A181E4E9C951} = {2BB3FDA1-641F-4DBD-9FEF-A181E4E9C951}
	EndProjectSection
EndProject
Project("{8BC9CEB8-8B4A-11D0-8D11-00A0C91BC942}") = "BlueExposure.orbis", "..\BlueExposure\BlueExposure.orbis.vcxproj", "{2BB3FDA1-641F-4DBD-9FEF-A181E4E9C951}"
EndProject
Project("{8BC9CEB8-8B4A-11D0-8D11-00A0C91BC942}") = "luaruntime.orbis", "..\lua\luaruntime.orbis.vcxproj", "{8E3BF4D2-71A6-44FF-9F9E-C6C2FBC951A0}"
EndProject
Project("{8BC9CEB8-8B4A-11D0-8D11-00A0C91BC942}") = "lua.orbis", "..\lua\lua.orbis.vcxproj", "{6AA1B291-F262-27CD-3FC1-160039145A91}"
	ProjectSection(ProjectDependencies) = postProject
		{8E3BF4D2-71A6-44FF-9F9E-C6C2FBC951A0} = {8E3BF4D2-71A6-44FF-9F9E-C6C2FBC951A0}
	EndProjectSection
EndProject
Project("{8BC9CEB8-8B4A-11D0-8D11-00A0C91BC942}") = "CcpCore.orbis", "..\CcpCore\CcpCore.orbis.vcxproj", "{2CE11E66-B4D5-4231-A199-17A0FEAC5741}"
EndProject
Global
	GlobalSection(SolutionConfigurationPlatforms) = preSolution
		Debug_Orbis|ORBIS = Debug_Orbis|ORBIS
		Debug|ORBIS = Debug|ORBIS
		DebugLua|ORBIS = DebugLua|ORBIS
		DebugStatic_Lua|ORBIS = DebugStatic_Lua|ORBIS
		Release_27|ORBIS = Release_27|ORBIS
		Release_Orbis|ORBIS = Release_Orbis|ORBIS
		Release|ORBIS = Release|ORBIS
	EndGlobalSection
	GlobalSection(ProjectConfigurationPlatforms) = postSolution
		{BEB47D8C-1734-4A73-91CE-D405F5468B08}.Debug_Orbis|ORBIS.ActiveCfg = DebugLua|ORBIS
		{BEB47D8C-1734-4A73-91CE-D405F5468B08}.Debug_Orbis|ORBIS.Build.0 = DebugLua|ORBIS
		{BEB47D8C-1734-4A73-91CE-D405F5468B08}.Debug|ORBIS.ActiveCfg = DebugLua|ORBIS
		{BEB47D8C-1734-4A73-91CE-D405F5468B08}.Debug|ORBIS.Build.0 = DebugLua|ORBIS
		{BEB47D8C-1734-4A73-91CE-D405F5468B08}.DebugLua|ORBIS.ActiveCfg = DebugLua|ORBIS
		{BEB47D8C-1734-4A73-91CE-D405F5468B08}.DebugLua|ORBIS.Build.0 = DebugLua|ORBIS
		{BEB47D8C-1734-4A73-91CE-D405F5468B08}.DebugStatic_Lua|ORBIS.ActiveCfg = DebugLua|ORBIS
		{BEB47D8C-1734-4A73-91CE-D405F5468B08}.DebugStatic_Lua|ORBIS.Build.0 = DebugLua|ORBIS
		{BEB47D8C-1734-4A73-91CE-D405F5468B08}.Release_27|ORBIS.ActiveCfg = DebugLua|ORBIS
		{BEB47D8C-1734-4A73-91CE-D405F5468B08}.Release_27|ORBIS.Build.0 = DebugLua|ORBIS
		{BEB47D8C-1734-4A73-91CE-D405F5468B08}.Release_Orbis|ORBIS.ActiveCfg = DebugLua|ORBIS
		{BEB47D8C-1734-4A73-91CE-D405F5468B08}.Release_Orbis|ORBIS.Build.0 = DebugLua|ORBIS
		{BEB47D8C-1734-4A73-91CE-D405F5468B08}.Release|ORBIS.ActiveCfg = DebugLua|ORBIS
		{BEB47D8C-1734-4A73-91CE-D405F5468B08}.Release|ORBIS.Build.0 = DebugLua|ORBIS
		{8D50EB3E-EF70-4D1B-B061-F3E81B984EEC}.Debug_Orbis|ORBIS.ActiveCfg = Debug|ORBIS
		{8D50EB3E-EF70-4D1B-B061-F3E81B984EEC}.Debug_Orbis|ORBIS.Build.0 = Debug|ORBIS
		{8D50EB3E-EF70-4D1B-B061-F3E81B984EEC}.Debug|ORBIS.ActiveCfg = Debug|ORBIS
		{8D50EB3E-EF70-4D1B-B061-F3E81B984EEC}.Debug|ORBIS.Build.0 = Debug|ORBIS
		{8D50EB3E-EF70-4D1B-B061-F3E81B984EEC}.DebugLua|ORBIS.ActiveCfg = Debug|ORBIS
		{8D50EB3E-EF70-4D1B-B061-F3E81B984EEC}.DebugLua|ORBIS.Build.0 = Debug|ORBIS
		{8D50EB3E-EF70-4D1B-B061-F3E81B984EEC}.DebugStatic_Lua|ORBIS.ActiveCfg = Debug|ORBIS
		{8D50EB3E-EF70-4D1B-B061-F3E81B984EEC}.DebugStatic_Lua|ORBIS.Build.0 = Debug|ORBIS
		{8D50EB3E-EF70-4D1B-B061-F3E81B984EEC}.Release_27|ORBIS.ActiveCfg = Release|ORBIS
		{8D50EB3E-EF70-4D1B-B061-F3E81B984EEC}.Release_27|ORBIS.Build.0 = Release|ORBIS
		{8D50EB3E-EF70-4D1B-B061-F3E81B984EEC}.Release_Orbis|ORBIS.ActiveCfg = Release|ORBIS
		{8D50EB3E-EF70-4D1B-B061-F3E81B984EEC}.Release_Orbis|ORBIS.Build.0 = Release|ORBIS
		{8D50EB3E-EF70-4D1B-B061-F3E81B984EEC}.Release|ORBIS.ActiveCfg = Release|ORBIS
		{8D50EB3E-EF70-4D1B-B061-F3E81B984EEC}.Release|ORBIS.Build.0 = Release|ORBIS
		{CCC814DE-F16E-4C58-9D54-39F6E4FB7E68}.Debug_Orbis|ORBIS.ActiveCfg = Debug_Orbis|ORBIS
		{CCC814DE-F16E-4C58-9D54-39F6E4FB7E68}.Debug_Orbis|ORBIS.Build.0 = Debug_Orbis|ORBIS
		{CCC814DE-F16E-4C58-9D54-39F6E4FB7E68}.Debug|ORBIS.ActiveCfg = Debug_Orbis|ORBIS
		{CCC814DE-F16E-4C58-9D54-39F6E4FB7E68}.Debug|ORBIS.Build.0 = Debug_Orbis|ORBIS
		{CCC814DE-F16E-4C58-9D54-39F6E4FB7E68}.DebugLua|ORBIS.ActiveCfg = Debug_Orbis|ORBIS
		{CCC814DE-F16E-4C58-9D54-39F6E4FB7E68}.DebugLua|ORBIS.Build.0 = Debug_Orbis|ORBIS
		{CCC814DE-F16E-4C58-9D54-39F6E4FB7E68}.DebugStatic_Lua|ORBIS.ActiveCfg = Debug_Orbis|ORBIS
		{CCC814DE-F16E-4C58-9D54-39F6E4FB7E68}.DebugStatic_Lua|ORBIS.Build.0 = Debug_Orbis|ORBIS
		{CCC814DE-F16E-4C58-9D54-39F6E4FB7E68}.Release_27|ORBIS.ActiveCfg = Release_Orbis|ORBIS
		{CCC814DE-F16E-4C58-9D54-39F6E4FB7E68}.Release_27|ORBIS.Build.0 = Release_Orbis|ORBIS
		{CCC814DE-F16E-4C58-9D54-39F6E4FB7E68}.Release_Orbis|ORBIS.ActiveCfg = Release_Orbis|ORBIS
		{CCC814DE-F16E-4C58-9D54-39F6E4FB7E68}.Release_Orbis|ORBIS.Build.0 = Release_Orbis|ORBIS
		{CCC814DE-F16E-4C58-9D54-39F6E4FB7E68}.Release|ORBIS.ActiveCfg = Release_Orbis|ORBIS
		{CCC814DE-F16E-4C58-9D54-39F6E4FB7E68}.Release|ORBIS.Build.0 = Release_Orbis|ORBIS
		{8CE8EA0A-B9E5-4D95-A0CD-06DC6BC5C5C5}.Debug_Orbis|ORBIS.ActiveCfg = DebugLua|ORBIS
		{8CE8EA0A-B9E5-4D95-A0CD-06DC6BC5C5C5}.Debug_Orbis|ORBIS.Build.0 = DebugLua|ORBIS
		{8CE8EA0A-B9E5-4D95-A0CD-06DC6BC5C5C5}.Debug|ORBIS.ActiveCfg = DebugLua|ORBIS
		{8CE8EA0A-B9E5-4D95-A0CD-06DC6BC5C5C5}.Debug|ORBIS.Build.0 = DebugLua|ORBIS
		{8CE8EA0A-B9E5-4D95-A0CD-06DC6BC5C5C5}.DebugLua|ORBIS.ActiveCfg = DebugLua|ORBIS
		{8CE8EA0A-B9E5-4D95-A0CD-06DC6BC5C5C5}.DebugLua|ORBIS.Build.0 = DebugLua|ORBIS
		{8CE8EA0A-B9E5-4D95-A0CD-06DC6BC5C5C5}.DebugStatic_Lua|ORBIS.ActiveCfg = DebugLua|ORBIS
		{8CE8EA0A-B9E5-4D95-A0CD-06DC6BC5C5C5}.DebugStatic_Lua|ORBIS.Build.0 = DebugLua|ORBIS
		{8CE8EA0A-B9E5-4D95-A0CD-06DC6BC5C5C5}.Release_27|ORBIS.ActiveCfg = DebugLua|ORBIS
		{8CE8EA0A-B9E5-4D95-A0CD-06DC6BC5C5C5}.Release_27|ORBIS.Build.0 = DebugLua|ORBIS
		{8CE8EA0A-B9E5-4D95-A0CD-06DC6BC5C5C5}.Release_Orbis|ORBIS.ActiveCfg = DebugLua|ORBIS
		{8CE8EA0A-B9E5-4D95-A0CD-06DC6BC5C5C5}.Release_Orbis|ORBIS.Build.0 = DebugLua|ORBIS
		{8CE8EA0A-B9E5-4D95-A0CD-06DC6BC5C5C5}.Release|ORBIS.ActiveCfg = DebugLua|ORBIS
		{8CE8EA0A-B9E5-4D95-A0CD-06DC6BC5C5C5}.Release|ORBIS.Build.0 = DebugLua|ORBIS
		{2BB3FDA1-641F-4DBD-9FEF-A181E4E9C951}.Debug_Orbis|ORBIS.ActiveCfg = DebugLua|ORBIS
		{2BB3FDA1-641F-4DBD-9FEF-A181E4E9C951}.Debug_Orbis|ORBIS.Build.0 = DebugLua|ORBIS
		{2BB3FDA1-641F-4DBD-9FEF-A181E4E9C951}.Debug|ORBIS.ActiveCfg = DebugStatic_Lua|ORBIS
		{2BB3FDA1-641F-4DBD-9FEF-A181E4E9C951}.Debug|ORBIS.Build.0 = DebugStatic_Lua|ORBIS
		{2BB3FDA1-641F-4DBD-9FEF-A181E4E9C951}.DebugLua|ORBIS.ActiveCfg = DebugLua|ORBIS
		{2BB3FDA1-641F-4DBD-9FEF-A181E4E9C951}.DebugLua|ORBIS.Build.0 = DebugLua|ORBIS
		{2BB3FDA1-641F-4DBD-9FEF-A181E4E9C951}.DebugStatic_Lua|ORBIS.ActiveCfg = DebugStatic_Lua|ORBIS
		{2BB3FDA1-641F-4DBD-9FEF-A181E4E9C951}.DebugStatic_Lua|ORBIS.Build.0 = DebugStatic_Lua|ORBIS
		{2BB3FDA1-641F-4DBD-9FEF-A181E4E9C951}.Release_27|ORBIS.ActiveCfg = Release_27|ORBIS
		{2BB3FDA1-641F-4DBD-9FEF-A181E4E9C951}.Release_27|ORBIS.Build.0 = Release_27|ORBIS
		{2BB3FDA1-641F-4DBD-9FEF-A181E4E9C951}.Release_Orbis|ORBIS.ActiveCfg = Release_27|ORBIS
		{2BB3FDA1-641F-4DBD-9FEF-A181E4E9C951}.Release_Orbis|ORBIS.Build.0 = Release_27|ORBIS
		{2BB3FDA1-641F-4DBD-9FEF-A181E4E9C951}.Release|ORBIS.ActiveCfg = Release_27|ORBIS
		{2BB3FDA1-641F-4DBD-9FEF-A181E4E9C951}.Release|ORBIS.Build.0 = Release_27|ORBIS
		{8E3BF4D2-71A6-44FF-9F9E-C6C2FBC951A0}.Debug_Orbis|ORBIS.ActiveCfg = Debug|ORBIS
		{8E3BF4D2-71A6-44FF-9F9E-C6C2FBC951A0}.Debug_Orbis|ORBIS.Build.0 = Debug|ORBIS
		{8E3BF4D2-71A6-44FF-9F9E-C6C2FBC951A0}.Debug|ORBIS.ActiveCfg = Debug|ORBIS
		{8E3BF4D2-71A6-44FF-9F9E-C6C2FBC951A0}.Debug|ORBIS.Build.0 = Debug|ORBIS
		{8E3BF4D2-71A6-44FF-9F9E-C6C2FBC951A0}.DebugLua|ORBIS.ActiveCfg = Debug|ORBIS
		{8E3BF4D2-71A6-44FF-9F9E-C6C2FBC951A0}.DebugLua|ORBIS.Build.0 = Debug|ORBIS
		{8E3BF4D2-71A6-44FF-9F9E-C6C2FBC951A0}.DebugStatic_Lua|ORBIS.ActiveCfg = Debug|ORBIS
		{8E3BF4D2-71A6-44FF-9F9E-C6C2FBC951A0}.DebugStatic_Lua|ORBIS.Build.0 = Debug|ORBIS
		{8E3BF4D2-71A6-44FF-9F9E-C6C2FBC951A0}.Release_27|ORBIS.ActiveCfg = Debug|ORBIS
		{8E3BF4D2-71A6-44FF-9F9E-C6C2FBC951A0}.Release_27|ORBIS.Build.0 = Debug|ORBIS
		{8E3BF4D2-71A6-44FF-9F9E-C6C2FBC951A0}.Release_Orbis|ORBIS.ActiveCfg = Debug|ORBIS
		{8E3BF4D2-71A6-44FF-9F9E-C6C2FBC951A0}.Release_Orbis|ORBIS.Build.0 = Debug|ORBIS
		{8E3BF4D2-71A6-44FF-9F9E-C6C2FBC951A0}.Release|ORBIS.ActiveCfg = Debug|ORBIS
		{8E3BF4D2-71A6-44FF-9F9E-C6C2FBC951A0}.Release|ORBIS.Build.0 = Debug|ORBIS
		{6AA1B291-F262-27CD-3FC1-160039145A91}.Debug_Orbis|ORBIS.ActiveCfg = Debug|ORBIS
		{6AA1B291-F262-27CD-3FC1-160039145A91}.Debug_Orbis|ORBIS.Build.0 = Debug|ORBIS
		{6AA1B291-F262-27CD-3FC1-160039145A91}.Debug|ORBIS.ActiveCfg = Debug|ORBIS
		{6AA1B291-F262-27CD-3FC1-160039145A91}.Debug|ORBIS.Build.0 = Debug|ORBIS
		{6AA1B291-F262-27CD-3FC1-160039145A91}.DebugLua|ORBIS.ActiveCfg = Debug|ORBIS
		{6AA1B291-F262-27CD-3FC1-160039145A91}.DebugLua|ORBIS.Build.0 = Debug|ORBIS
		{6AA1B291-F262-27CD-3FC1-160039145A91}.DebugStatic_Lua|ORBIS.ActiveCfg = Debug|ORBIS
		{6AA1B291-F262-27CD-3FC1-160039145A91}.DebugStatic_Lua|ORBIS.Build.0 = Debug|ORBIS
		{6AA1B291-F262-27CD-3FC1-160039145A91}.Release_27|ORBIS.ActiveCfg = Debug|ORBIS
		{6AA1B291-F262-27CD-3FC1-160039145A91}.Release_27|ORBIS.Build.0 = Debug|ORBIS
		{6AA1B291-F262-27CD-3FC1-160039145A91}.Release_Orbis|ORBIS.ActiveCfg = Debug|ORBIS
		{6AA1B291-F262-27CD-3FC1-160039145A91}.Release_Orbis|ORBIS.Build.0 = Debug|ORBIS
		{6AA1B291-F262-27CD-3FC1-160039145A91}.Release|ORBIS.ActiveCfg = Debug|ORBIS
		{6AA1B291-F262-27CD-3FC1-160039145A91}.Release|ORBIS.Build.0 = Debug|ORBIS
		{2CE11E66-B4D5-4231-A199-17A0FEAC5741}.Debug_Orbis|ORBIS.ActiveCfg = Debug|ORBIS
		{2CE11E66-B4D5-4231-A199-17A0FEAC5741}.Debug_Orbis|ORBIS.Build.0 = Debug|ORBIS
		{2CE11E66-B4D5-4231-A199-17A0FEAC5741}.Debug|ORBIS.ActiveCfg = Debug|ORBIS
		{2CE11E66-B4D5-4231-A199-17A0FEAC5741}.Debug|ORBIS.Build.0 = Debug|ORBIS
		{2CE11E66-B4D5-4231-A199-17A0FEAC5741}.DebugLua|ORBIS.ActiveCfg = Debug|ORBIS
		{2CE11E66-B4D5-4231-A199-17A0FEAC5741}.DebugLua|ORBIS.Build.0 = Debug|ORBIS
		{2CE11E66-B4D5-4231-A199-17A0FEAC5741}.DebugStatic_Lua|ORBIS.ActiveCfg = Debug|ORBIS
		{2CE11E66-B4D5-4231-A199-17A0FEAC5741}.DebugStatic_Lua|ORBIS.Build.0 = Debug|ORBIS
		{2CE11E66-B4D5-4231-A199-17A0FEAC5741}.Release_27|ORBIS.ActiveCfg = Release|ORBIS
		{2CE11E66-B4D5-4231-A199-17A0FEAC5741}.Release_27|ORBIS.Build.0 = Release|ORBIS
		{2CE11E66-B4D5-4231-A199-17A0FEAC5741}.Release_Orbis|ORBIS.ActiveCfg = Release|ORBIS
		{2CE11E66-B4D5-4231-A199-17A0FEAC5741}.Release_Orbis|ORBIS.Build.0 = Release|ORBIS
		{2CE11E66-B4D5-4231-A199-17A0FEAC5741}.Release|ORBIS.ActiveCfg = Release|ORBIS
		{2CE11E66-B4D5-4231-A199-17A0FEAC5741}.Release|ORBIS.Build.0 = Release|ORBIS
	EndGlobalSection
	GlobalSection(SolutionProperties) = preSolution
		HideSolutionNode = FALSE
	EndGlobalSection
EndGlobal
